// !$*UTF8*$!
{
	archiveVersion = 1;
	classes = {
	};
	objectVersion = 46;
	objects = {

/* Begin PBXBuildFile section */
		18B0D5661E0D208300311248 /* main.m in Sources */ = {isa = PBXBuildFile; fileRef = 18B0D5651E0D208300311248 /* main.m */; };
		18B0D5691E0D208300311248 /* AppDelegate.m in Sources */ = {isa = PBXBuildFile; fileRef = 18B0D5681E0D208300311248 /* AppDelegate.m */; };
		18B0D5711E0D208300311248 /* Assets.xcassets in Resources */ = {isa = PBXBuildFile; fileRef = 18B0D5701E0D208300311248 /* Assets.xcassets */; };
		18B0D5741E0D208300311248 /* LaunchScreen.storyboard in Resources */ = {isa = PBXBuildFile; fileRef = 18B0D5721E0D208300311248 /* LaunchScreen.storyboard */; };
		18B0D5821E0D215C00311248 /* LJWSnakeViewController.m in Sources */ = {isa = PBXBuildFile; fileRef = 18B0D5811E0D215C00311248 /* LJWSnakeViewController.m */; };
		18B0D5841E0D218A00311248 /* LJWSnakeViewController.storyboard in Resources */ = {isa = PBXBuildFile; fileRef = 18B0D5831E0D218A00311248 /* LJWSnakeViewController.storyboard */; };
		18B0D5861E0D2F3500311248 /* ReadMe in Resources */ = {isa = PBXBuildFile; fileRef = 18B0D5851E0D2F3500311248 /* ReadMe */; };
		18B0D5891E0D332400311248 /* LJWNode.m in Sources */ = {isa = PBXBuildFile; fileRef = 18B0D5881E0D332400311248 /* LJWNode.m */; };
		18B0D58C1E0D332F00311248 /* LJWSnake.m in Sources */ = {isa = PBXBuildFile; fileRef = 18B0D58B1E0D332F00311248 /* LJWSnake.m */; };
		18B0D58F1E0D401000311248 /* LJWSnakeView.m in Sources */ = {isa = PBXBuildFile; fileRef = 18B0D58E1E0D401000311248 /* LJWSnakeView.m */; };
/* End PBXBuildFile section */

/* Begin PBXFileReference section */
		18B0D5611E0D208300311248 /* Boring Demo.app */ = {isa = PBXFileReference; explicitFileType = wrapper.application; includeInIndex = 0; path = "Boring Demo.app"; sourceTree = BUILT_PRODUCTS_DIR; };
		18B0D5651E0D208300311248 /* main.m */ = {isa = PBXFileReference; lastKnownFileType = sourcecode.c.objc; path = main.m; sourceTree = "<group>"; };
		18B0D5671E0D208300311248 /* AppDelegate.h */ = {isa = PBXFileReference; lastKnownFileType = sourcecode.c.h; path = AppDelegate.h; sourceTree = "<group>"; };
		18B0D5681E0D208300311248 /* AppDelegate.m */ = {isa = PBXFileReference; lastKnownFileType = sourcecode.c.objc; path = AppDelegate.m; sourceTree = "<group>"; };
		18B0D5701E0D208300311248 /* Assets.xcassets */ = {isa = PBXFileReference; lastKnownFileType = folder.assetcatalog; path = Assets.xcassets; sourceTree = "<group>"; };
		18B0D5731E0D208300311248 /* Base */ = {isa = PBXFileReference; lastKnownFileType = file.storyboard; name = Base; path = Base.lproj/LaunchScreen.storyboard; sourceTree = "<group>"; };
		18B0D5751E0D208300311248 /* Info.plist */ = {isa = PBXFileReference; lastKnownFileType = text.plist.xml; path = Info.plist; sourceTree = "<group>"; };
		18B0D5801E0D215C00311248 /* LJWSnakeViewController.h */ = {isa = PBXFileReference; fileEncoding = 4; lastKnownFileType = sourcecode.c.h; path = LJWSnakeViewController.h; sourceTree = "<group>"; };
		18B0D5811E0D215C00311248 /* LJWSnakeViewController.m */ = {isa = PBXFileReference; fileEncoding = 4; lastKnownFileType = sourcecode.c.objc; path = LJWSnakeViewController.m; sourceTree = "<group>"; };
		18B0D5831E0D218A00311248 /* LJWSnakeViewController.storyboard */ = {isa = PBXFileReference; fileEncoding = 4; lastKnownFileType = file.storyboard; path = LJWSnakeViewController.storyboard; sourceTree = "<group>"; };
		18B0D5851E0D2F3500311248 /* ReadMe */ = {isa = PBXFileReference; fileEncoding = 4; lastKnownFileType = text; path = ReadMe; sourceTree = "<group>"; };
		18B0D5871E0D332400311248 /* LJWNode.h */ = {isa = PBXFileReference; fileEncoding = 4; lastKnownFileType = sourcecode.c.h; path = LJWNode.h; sourceTree = "<group>"; };
		18B0D5881E0D332400311248 /* LJWNode.m */ = {isa = PBXFileReference; fileEncoding = 4; lastKnownFileType = sourcecode.c.objc; path = LJWNode.m; sourceTree = "<group>"; };
		18B0D58A1E0D332F00311248 /* LJWSnake.h */ = {isa = PBXFileReference; fileEncoding = 4; lastKnownFileType = sourcecode.c.h; path = LJWSnake.h; sourceTree = "<group>"; };
		18B0D58B1E0D332F00311248 /* LJWSnake.m */ = {isa = PBXFileReference; fileEncoding = 4; lastKnownFileType = sourcecode.c.objc; path = LJWSnake.m; sourceTree = "<group>"; };
		18B0D58D1E0D401000311248 /* LJWSnakeView.h */ = {isa = PBXFileReference; fileEncoding = 4; lastKnownFileType = sourcecode.c.h; path = LJWSnakeView.h; sourceTree = "<group>"; };
		18B0D58E1E0D401000311248 /* LJWSnakeView.m */ = {isa = PBXFileReference; fileEncoding = 4; lastKnownFileType = sourcecode.c.objc; path = LJWSnakeView.m; sourceTree = "<group>"; };
/* End PBXFileReference section */

/* Begin PBXFrameworksBuildPhase section */
		18B0D55E1E0D208300311248 /* Frameworks */ = {
			isa = PBXFrameworksBuildPhase;
			buildActionMask = 2147483647;
			files = (
			);
			runOnlyForDeploymentPostprocessing = 0;
		};
/* End PBXFrameworksBuildPhase section */

/* Begin PBXGroup section */
		18B0D5581E0D208300311248 = {
			isa = PBXGroup;
			children = (
				18B0D5631E0D208300311248 /* Boring Demo */,
				18B0D5621E0D208300311248 /* Products */,
			);
			sourceTree = "<group>";
		};
		18B0D5621E0D208300311248 /* Products */ = {
			isa = PBXGroup;
			children = (
				18B0D5611E0D208300311248 /* Boring Demo.app */,
			);
			name = Products;
			sourceTree = "<group>";
		};
		18B0D5631E0D208300311248 /* Boring Demo */ = {
			isa = PBXGroup;
			children = (
				18B0D5851E0D2F3500311248 /* ReadMe */,
				18B0D57B1E0D213F00311248 /* Classes */,
				18B0D5671E0D208300311248 /* AppDelegate.h */,
				18B0D5681E0D208300311248 /* AppDelegate.m */,
				18B0D5701E0D208300311248 /* Assets.xcassets */,
				18B0D5721E0D208300311248 /* LaunchScreen.storyboard */,
				18B0D5751E0D208300311248 /* Info.plist */,
				18B0D5641E0D208300311248 /* Supporting Files */,
			);
			path = "Boring Demo";
			sourceTree = "<group>";
		};
		18B0D5641E0D208300311248 /* Supporting Files */ = {
			isa = PBXGroup;
			children = (
				18B0D5651E0D208300311248 /* main.m */,
			);
			name = "Supporting Files";
			sourceTree = "<group>";
		};
		18B0D57B1E0D213F00311248 /* Classes */ = {
			isa = PBXGroup;
			children = (
				18B0D57C1E0D213F00311248 /* SnakeGame */,
			);
			path = Classes;
			sourceTree = "<group>";
		};
		18B0D57C1E0D213F00311248 /* SnakeGame */ = {
			isa = PBXGroup;
			children = (
				18B0D57D1E0D213F00311248 /* Controller */,
				18B0D57E1E0D213F00311248 /* Model */,
				18B0D57F1E0D213F00311248 /* View */,
			);
			path = SnakeGame;
			sourceTree = "<group>";
		};
		18B0D57D1E0D213F00311248 /* Controller */ = {
			isa = PBXGroup;
			children = (
				18B0D5801E0D215C00311248 /* LJWSnakeViewController.h */,
				18B0D5811E0D215C00311248 /* LJWSnakeViewController.m */,
				18B0D5831E0D218A00311248 /* LJWSnakeViewController.storyboard */,
			);
			path = Controller;
			sourceTree = "<group>";
		};
		18B0D57E1E0D213F00311248 /* Model */ = {
			isa = PBXGroup;
			children = (
				18B0D5871E0D332400311248 /* LJWNode.h */,
				18B0D5881E0D332400311248 /* LJWNode.m */,
				18B0D58A1E0D332F00311248 /* LJWSnake.h */,
				18B0D58B1E0D332F00311248 /* LJWSnake.m */,
			);
			path = Model;
			sourceTree = "<group>";
		};
		18B0D57F1E0D213F00311248 /* View */ = {
			isa = PBXGroup;
			children = (
				18B0D58D1E0D401000311248 /* LJWSnakeView.h */,
				18B0D58E1E0D401000311248 /* LJWSnakeView.m */,
			);
			path = View;
			sourceTree = "<group>";
		};
/* End PBXGroup section */

/* Begin PBXNativeTarget section */
		18B0D5601E0D208300311248 /* Boring Demo */ = {
			isa = PBXNativeTarget;
			buildConfigurationList = 18B0D5781E0D208300311248 /* Build configuration list for PBXNativeTarget "Boring Demo" */;
			buildPhases = (
				18B0D55D1E0D208300311248 /* Sources */,
				18B0D55E1E0D208300311248 /* Frameworks */,
				18B0D55F1E0D208300311248 /* Resources */,
			);
			buildRules = (
			);
			dependencies = (
			);
			name = "Boring Demo";
			productName = "Boring Demo";
			productReference = 18B0D5611E0D208300311248 /* Boring Demo.app */;
			productType = "com.apple.product-type.application";
		};
/* End PBXNativeTarget section */

/* Begin PBXProject section */
		18B0D5591E0D208300311248 /* Project object */ = {
			isa = PBXProject;
			attributes = {
				LastUpgradeCheck = 0730;
				ORGANIZATIONNAME = wales;
				TargetAttributes = {
					18B0D5601E0D208300311248 = {
						CreatedOnToolsVersion = 7.3.1;
						DevelopmentTeam = YUK632XB8V;
					};
				};
			};
			buildConfigurationList = 18B0D55C1E0D208300311248 /* Build configuration list for PBXProject "Boring Demo" */;
			compatibilityVersion = "Xcode 3.2";
			developmentRegion = English;
			hasScannedForEncodings = 0;
			knownRegions = (
				en,
				Base,
			);
			mainGroup = 18B0D5581E0D208300311248;
			productRefGroup = 18B0D5621E0D208300311248 /* Products */;
			projectDirPath = "";
			projectRoot = "";
			targets = (
				18B0D5601E0D208300311248 /* Boring Demo */,
			);
		};
/* End PBXProject section */

/* Begin PBXResourcesBuildPhase section */
		18B0D55F1E0D208300311248 /* Resources */ = {
			isa = PBXResourcesBuildPhase;
			buildActionMask = 2147483647;
			files = (
				18B0D5861E0D2F3500311248 /* ReadMe in Resources */,
				18B0D5741E0D208300311248 /* LaunchScreen.storyboard in Resources */,
				18B0D5841E0D218A00311248 /* LJWSnakeViewController.storyboard in Resources */,
				18B0D5711E0D208300311248 /* Assets.xcassets in Resources */,
			);
			runOnlyForDeploymentPostprocessing = 0;
		};
/* End PBXResourcesBuildPhase section */

/* Begin PBXSourcesBuildPhase section */
		18B0D55D1E0D208300311248 /* Sources */ = {
			isa = PBXSourcesBuildPhase;
			buildActionMask = 2147483647;
			files = (
				18B0D5691E0D208300311248 /* AppDelegate.m in Sources */,
				18B0D58F1E0D401000311248 /* LJWSnakeView.m in Sources */,
				18B0D5661E0D208300311248 /* main.m in Sources */,
				18B0D58C1E0D332F00311248 /* LJWSnake.m in Sources */,
				18B0D5821E0D215C00311248 /* LJWSnakeViewController.m in Sources */,
				18B0D5891E0D332400311248 /* LJWNode.m in Sources */,
			);
			runOnlyForDeploymentPostprocessing = 0;
		};
/* End PBXSourcesBuildPhase section */

/* Begin PBXVariantGroup section */
		18B0D5721E0D208300311248 /* LaunchScreen.storyboard */ = {
			isa = PBXVariantGroup;
			children = (
				18B0D5731E0D208300311248 /* Base */,
			);
			name = LaunchScreen.storyboard;
			sourceTree = "<group>";
		};
/* End PBXVariantGroup section */

/* Begin XCBuildConfiguration section */
		18B0D5761E0D208300311248 /* Debug */ = {
			isa = XCBuildConfiguration;
			buildSettings = {
				ALWAYS_SEARCH_USER_PATHS = NO;
				CLANG_ANALYZER_NONNULL = YES;
				CLANG_CXX_LANGUAGE_STANDARD = "gnu++0x";
				CLANG_CXX_LIBRARY = "libc++";
				CLANG_ENABLE_MODULES = YES;
				CLANG_ENABLE_OBJC_ARC = YES;
				CLANG_WARN_BOOL_CONVERSION = YES;
				CLANG_WARN_CONSTANT_CONVERSION = YES;
				CLANG_WARN_DIRECT_OBJC_ISA_USAGE = YES_ERROR;
				CLANG_WARN_EMPTY_BODY = YES;
				CLANG_WARN_ENUM_CONVERSION = YES;
				CLANG_WARN_INT_CONVERSION = YES;
				CLANG_WARN_OBJC_ROOT_CLASS = YES_ERROR;
				CLANG_WARN_UNREACHABLE_CODE = YES;
				CLANG_WARN__DUPLICATE_METHOD_MATCH = YES;
				"CODE_SIGN_IDENTITY[sdk=iphoneos*]" = "iPhone Developer";
				COPY_PHASE_STRIP = NO;
				DEBUG_INFORMATION_FORMAT = dwarf;
				ENABLE_STRICT_OBJC_MSGSEND = YES;
				ENABLE_TESTABILITY = YES;
				GCC_C_LANGUAGE_STANDARD = gnu99;
				GCC_DYNAMIC_NO_PIC = NO;
				GCC_NO_COMMON_BLOCKS = YES;
				GCC_OPTIMIZATION_LEVEL = 0;
				GCC_PREPROCESSOR_DEFINITIONS = (
					"DEBUG=1",
					"$(inherited)",
				);
				GCC_WARN_64_TO_32_BIT_CONVERSION = YES;
				GCC_WARN_ABOUT_RETURN_TYPE = YES_ERROR;
				GCC_WARN_UNDECLARED_SELECTOR = YES;
				GCC_WARN_UNINITIALIZED_AUTOS = YES_AGGRESSIVE;
				GCC_WARN_UNUSED_FUNCTION = YES;
				GCC_WARN_UNUSED_VARIABLE = YES;
				IPHONEOS_DEPLOYMENT_TARGET = 9.3;
				MTL_ENABLE_DEBUG_INFO = YES;
				ONLY_ACTIVE_ARCH = YES;
				SDKROOT = iphoneos;
			};
			name = Debug;
		};
		18B0D5771E0D208300311248 /* Release */ = {
			isa = XCBuildConfiguration;
			buildSettings = {
				ALWAYS_SEARCH_USER_PATHS = NO;
				CLANG_ANALYZER_NONNULL = YES;
				CLANG_CXX_LANGUAGE_STANDARD = "gnu++0x";
				CLANG_CXX_LIBRARY = "libc++";
				CLANG_ENABLE_MODULES = YES;
				CLANG_ENABLE_OBJC_ARC = YES;
				CLANG_WARN_BOOL_CONVERSION = YES;
				CLANG_WARN_CONSTANT_CONVERSION = YES;
				CLANG_WARN_DIRECT_OBJC_ISA_USAGE = YES_ERROR;
				CLANG_WARN_EMPTY_BODY = YES;
				CLANG_WARN_ENUM_CONVERSION = YES;
				CLANG_WARN_INT_CONVERSION = YES;
				CLANG_WARN_OBJC_ROOT_CLASS = YES_ERROR;
				CLANG_WARN_UNREACHABLE_CODE = YES;
				CLANG_WARN__DUPLICATE_METHOD_MATCH = YES;
				"CODE_SIGN_IDENTITY[sdk=iphoneos*]" = "iPhone Developer";
				COPY_PHASE_STRIP = NO;
				DEBUG_INFORMATION_FORMAT = "dwarf-with-dsym";
				ENABLE_NS_ASSERTIONS = NO;
				ENABLE_STRICT_OBJC_MSGSEND = YES;
				GCC_C_LANGUAGE_STANDARD = gnu99;
				GCC_NO_COMMON_BLOCKS = YES;
				GCC_WARN_64_TO_32_BIT_CONVERSION = YES;
				GCC_WARN_ABOUT_RETURN_TYPE = YES_ERROR;
				GCC_WARN_UNDECLARED_SELECTOR = YES;
				GCC_WARN_UNINITIALIZED_AUTOS = YES_AGGRESSIVE;
				GCC_WARN_UNUSED_FUNCTION = YES;
				GCC_WARN_UNUSED_VARIABLE = YES;
				IPHONEOS_DEPLOYMENT_TARGET = 9.3;
				MTL_ENABLE_DEBUG_INFO = NO;
				SDKROOT = iphoneos;
				VALIDATE_PRODUCT = YES;
			};
			name = Release;
		};
		18B0D5791E0D208300311248 /* Debug */ = {
			isa = XCBuildConfiguration;
			buildSettings = {
				ASSETCATALOG_COMPILER_APPICON_NAME = AppIcon;
				INFOPLIST_FILE = "Boring Demo/Info.plist";
				LD_RUNPATH_SEARCH_PATHS = "$(inherited) @executable_path/Frameworks";
				PRODUCT_BUNDLE_IDENTIFIER = "com.wales.Boring-Demo";
				PRODUCT_NAME = "$(TARGET_NAME)";
			};
			name = Debug;
		};
		18B0D57A1E0D208300311248 /* Release */ = {
			isa = XCBuildConfiguration;
			buildSettings = {
				ASSETCATALOG_COMPILER_APPICON_NAME = AppIcon;
				INFOPLIST_FILE = "Boring Demo/Info.plist";
				LD_RUNPATH_SEARCH_PATHS = "$(inherited) @executable_path/Frameworks";
				PRODUCT_BUNDLE_IDENTIFIER = "com.wales.Boring-Demo";
				PRODUCT_NAME = "$(TARGET_NAME)";
			};
			name = Release;
		};
/* End XCBuildConfiguration section */

/* Begin XCConfigurationList section */
		18B0D55C1E0D208300311248 /* Build configuration list for PBXProject "Boring Demo" */ = {
			isa = XCConfigurationList;
			buildConfigurations = (
				18B0D5761E0D208300311248 /* Debug */,
				18B0D5771E0D208300311248 /* Release */,
			);
			defaultConfigurationIsVisible = 0;
			defaultConfigurationName = Release;
		};
		18B0D5781E0D208300311248 /* Build configuration list for PBXNativeTarget "Boring Demo" */ = {
			isa = XCConfigurationList;
			buildConfigurations = (
				18B0D5791E0D208300311248 /* Debug */,
				18B0D57A1E0D208300311248 /* Release */,
			);
			defaultConfigurationIsVisible = 0;
		};
/* End XCConfigurationList section */
	};
	rootObject = 18B0D5591E0D208300311248 /* Project object */;
}
